
Microsoft Visual Studio Solution File, Format Version 12.00
# Visual Studio 15
VisualStudioVersion = 15.0.26124.0
MinimumVisualStudioVersion = 15.0.26124.0
Project("{FAE04EC0-301F-11D3-BF4B-00C04F79EFBC}") = "Ianf.Fittrack.Workouts", "Ianf.Fittrack.Workouts\Ianf.Fittrack.Workouts.csproj", "{22339021-2821-43C9-A5ED-8C9BE17B2E45}"
EndProject
Project("{FAE04EC0-301F-11D3-BF4B-00C04F79EFBC}") = "Ianf.Fittrack.Workouts.UnitTest", "Ianf.Fittrack.Workouts.UnitTest\Ianf.Fittrack.Workouts.UnitTest.csproj", "{6B71A1A7-7280-432D-A39C-62D5B86A17B5}"
EndProject
Project("{FAE04EC0-301F-11D3-BF4B-00C04F79EFBC}") = "Ianf.Fittrack.Webapi", "Ianf.Fittrack.Webapi\Ianf.Fittrack.Webapi.csproj", "{F02DBAA3-818E-40CD-96D0-E9DFE0C46F47}"
EndProject
Project("{FAE04EC0-301F-11D3-BF4B-00C04F79EFBC}") = "Ianf.Fittrack.Workouts.Repositories", "Ianf.Fittrack.Workouts.Repositories\Ianf.Fittrack.Workouts.Repositories.csproj", "{27B1AC27-4DD4-4B76-8C93-98F298DA27D9}"
EndProject
Project("{FAE04EC0-301F-11D3-BF4B-00C04F79EFBC}") = "Ianf.Fittrack.Workouts.Repositories.Tests", "Ianf.Fittrack.Workouts.Repositories.Tests\Ianf.Fittrack.Workouts.Repositories.Tests.csproj", "{40D74D9E-CFD3-400D-965F-F0FC62C581CE}"
EndProject
Project("{FAE04EC0-301F-11D3-BF4B-00C04F79EFBC}") = "Ianf.Fittrack.Webapi.Tests", "Ianf.Fittrack.Webapi.Tests\Ianf.Fittrack.Webapi.Tests.csproj", "{575DF443-8CFA-419A-BF92-BC593D6A6FB5}"
EndProject
Global
	GlobalSection(SolutionConfigurationPlatforms) = preSolution
		Debug|Any CPU = Debug|Any CPU
		Debug|x64 = Debug|x64
		Debug|x86 = Debug|x86
		Release|Any CPU = Release|Any CPU
		Release|x64 = Release|x64
		Release|x86 = Release|x86
	EndGlobalSection
	GlobalSection(SolutionProperties) = preSolution
		HideSolutionNode = FALSE
	EndGlobalSection
	GlobalSection(ProjectConfigurationPlatforms) = postSolution
		{DBFFD58C-117A-4EDF-A972-DBD50F382A0B}.Debug|Any CPU.ActiveCfg = Debug|Any CPU
		{DBFFD58C-117A-4EDF-A972-DBD50F382A0B}.Debug|Any CPU.Build.0 = Debug|Any CPU
		{DBFFD58C-117A-4EDF-A972-DBD50F382A0B}.Debug|x64.ActiveCfg = Debug|Any CPU
		{DBFFD58C-117A-4EDF-A972-DBD50F382A0B}.Debug|x64.Build.0 = Debug|Any CPU
		{DBFFD58C-117A-4EDF-A972-DBD50F382A0B}.Debug|x86.ActiveCfg = Debug|Any CPU
		{DBFFD58C-117A-4EDF-A972-DBD50F382A0B}.Debug|x86.Build.0 = Debug|Any CPU
		{DBFFD58C-117A-4EDF-A972-DBD50F382A0B}.Release|Any CPU.ActiveCfg = Release|Any CPU
		{DBFFD58C-117A-4EDF-A972-DBD50F382A0B}.Release|Any CPU.Build.0 = Release|Any CPU
		{DBFFD58C-117A-4EDF-A972-DBD50F382A0B}.Release|x64.ActiveCfg = Release|Any CPU
		{DBFFD58C-117A-4EDF-A972-DBD50F382A0B}.Release|x64.Build.0 = Release|Any CPU
		{DBFFD58C-117A-4EDF-A972-DBD50F382A0B}.Release|x86.ActiveCfg = Release|Any CPU
		{DBFFD58C-117A-4EDF-A972-DBD50F382A0B}.Release|x86.Build.0 = Release|Any CPU
		{E40373E8-B7AC-44E5-8564-F2ECEC08E5F9}.Debug|Any CPU.ActiveCfg = Debug|Any CPU
		{E40373E8-B7AC-44E5-8564-F2ECEC08E5F9}.Debug|Any CPU.Build.0 = Debug|Any CPU
		{E40373E8-B7AC-44E5-8564-F2ECEC08E5F9}.Debug|x64.ActiveCfg = Debug|Any CPU
		{E40373E8-B7AC-44E5-8564-F2ECEC08E5F9}.Debug|x64.Build.0 = Debug|Any CPU
		{E40373E8-B7AC-44E5-8564-F2ECEC08E5F9}.Debug|x86.ActiveCfg = Debug|Any CPU
		{E40373E8-B7AC-44E5-8564-F2ECEC08E5F9}.Debug|x86.Build.0 = Debug|Any CPU
		{E40373E8-B7AC-44E5-8564-F2ECEC08E5F9}.Release|Any CPU.ActiveCfg = Release|Any CPU
		{E40373E8-B7AC-44E5-8564-F2ECEC08E5F9}.Release|Any CPU.Build.0 = Release|Any CPU
		{E40373E8-B7AC-44E5-8564-F2ECEC08E5F9}.Release|x64.ActiveCfg = Release|Any CPU
		{E40373E8-B7AC-44E5-8564-F2ECEC08E5F9}.Release|x64.Build.0 = Release|Any CPU
		{E40373E8-B7AC-44E5-8564-F2ECEC08E5F9}.Release|x86.ActiveCfg = Release|Any CPU
		{E40373E8-B7AC-44E5-8564-F2ECEC08E5F9}.Release|x86.Build.0 = Release|Any CPU
		{22339021-2821-43C9-A5ED-8C9BE17B2E45}.Debug|Any CPU.ActiveCfg = Debug|Any CPU
		{22339021-2821-43C9-A5ED-8C9BE17B2E45}.Debug|Any CPU.Build.0 = Debug|Any CPU
		{22339021-2821-43C9-A5ED-8C9BE17B2E45}.Debug|x64.ActiveCfg = Debug|Any CPU
		{22339021-2821-43C9-A5ED-8C9BE17B2E45}.Debug|x64.Build.0 = Debug|Any CPU
		{22339021-2821-43C9-A5ED-8C9BE17B2E45}.Debug|x86.ActiveCfg = Debug|Any CPU
		{22339021-2821-43C9-A5ED-8C9BE17B2E45}.Debug|x86.Build.0 = Debug|Any CPU
		{22339021-2821-43C9-A5ED-8C9BE17B2E45}.Release|Any CPU.ActiveCfg = Release|Any CPU
		{22339021-2821-43C9-A5ED-8C9BE17B2E45}.Release|Any CPU.Build.0 = Release|Any CPU
		{22339021-2821-43C9-A5ED-8C9BE17B2E45}.Release|x64.ActiveCfg = Release|Any CPU
		{22339021-2821-43C9-A5ED-8C9BE17B2E45}.Release|x64.Build.0 = Release|Any CPU
		{22339021-2821-43C9-A5ED-8C9BE17B2E45}.Release|x86.ActiveCfg = Release|Any CPU
		{22339021-2821-43C9-A5ED-8C9BE17B2E45}.Release|x86.Build.0 = Release|Any CPU
		{6B71A1A7-7280-432D-A39C-62D5B86A17B5}.Debug|Any CPU.ActiveCfg = Debug|Any CPU
		{6B71A1A7-7280-432D-A39C-62D5B86A17B5}.Debug|Any CPU.Build.0 = Debug|Any CPU
		{6B71A1A7-7280-432D-A39C-62D5B86A17B5}.Debug|x64.ActiveCfg = Debug|Any CPU
		{6B71A1A7-7280-432D-A39C-62D5B86A17B5}.Debug|x64.Build.0 = Debug|Any CPU
		{6B71A1A7-7280-432D-A39C-62D5B86A17B5}.Debug|x86.ActiveCfg = Debug|Any CPU
		{6B71A1A7-7280-432D-A39C-62D5B86A17B5}.Debug|x86.Build.0 = Debug|Any CPU
		{6B71A1A7-7280-432D-A39C-62D5B86A17B5}.Release|Any CPU.ActiveCfg = Release|Any CPU
		{6B71A1A7-7280-432D-A39C-62D5B86A17B5}.Release|Any CPU.Build.0 = Release|Any CPU
		{6B71A1A7-7280-432D-A39C-62D5B86A17B5}.Release|x64.ActiveCfg = Release|Any CPU
		{6B71A1A7-7280-432D-A39C-62D5B86A17B5}.Release|x64.Build.0 = Release|Any CPU
		{6B71A1A7-7280-432D-A39C-62D5B86A17B5}.Release|x86.ActiveCfg = Release|Any CPU
		{6B71A1A7-7280-432D-A39C-62D5B86A17B5}.Release|x86.Build.0 = Release|Any CPU
		{F02DBAA3-818E-40CD-96D0-E9DFE0C46F47}.Debug|Any CPU.ActiveCfg = Debug|Any CPU
		{F02DBAA3-818E-40CD-96D0-E9DFE0C46F47}.Debug|Any CPU.Build.0 = Debug|Any CPU
		{F02DBAA3-818E-40CD-96D0-E9DFE0C46F47}.Debug|x64.ActiveCfg = Debug|Any CPU
		{F02DBAA3-818E-40CD-96D0-E9DFE0C46F47}.Debug|x64.Build.0 = Debug|Any CPU
		{F02DBAA3-818E-40CD-96D0-E9DFE0C46F47}.Debug|x86.ActiveCfg = Debug|Any CPU
		{F02DBAA3-818E-40CD-96D0-E9DFE0C46F47}.Debug|x86.Build.0 = Debug|Any CPU
		{F02DBAA3-818E-40CD-96D0-E9DFE0C46F47}.Release|Any CPU.ActiveCfg = Release|Any CPU
		{F02DBAA3-818E-40CD-96D0-E9DFE0C46F47}.Release|Any CPU.Build.0 = Release|Any CPU
		{F02DBAA3-818E-40CD-96D0-E9DFE0C46F47}.Release|x64.ActiveCfg = Release|Any CPU
		{F02DBAA3-818E-40CD-96D0-E9DFE0C46F47}.Release|x64.Build.0 = Release|Any CPU
		{F02DBAA3-818E-40CD-96D0-E9DFE0C46F47}.Release|x86.ActiveCfg = Release|Any CPU
		{F02DBAA3-818E-40CD-96D0-E9DFE0C46F47}.Release|x86.Build.0 = Release|Any CPU
		{27B1AC27-4DD4-4B76-8C93-98F298DA27D9}.Debug|Any CPU.ActiveCfg = Debug|Any CPU
		{27B1AC27-4DD4-4B76-8C93-98F298DA27D9}.Debug|Any CPU.Build.0 = Debug|Any CPU
		{27B1AC27-4DD4-4B76-8C93-98F298DA27D9}.Debug|x64.ActiveCfg = Debug|Any CPU
		{27B1AC27-4DD4-4B76-8C93-98F298DA27D9}.Debug|x64.Build.0 = Debug|Any CPU
		{27B1AC27-4DD4-4B76-8C93-98F298DA27D9}.Debug|x86.ActiveCfg = Debug|Any CPU
		{27B1AC27-4DD4-4B76-8C93-98F298DA27D9}.Debug|x86.Build.0 = Debug|Any CPU
		{27B1AC27-4DD4-4B76-8C93-98F298DA27D9}.Release|Any CPU.ActiveCfg = Release|Any CPU
		{27B1AC27-4DD4-4B76-8C93-98F298DA27D9}.Release|Any CPU.Build.0 = Release|Any CPU
		{27B1AC27-4DD4-4B76-8C93-98F298DA27D9}.Release|x64.ActiveCfg = Release|Any CPU
		{27B1AC27-4DD4-4B76-8C93-98F298DA27D9}.Release|x64.Build.0 = Release|Any CPU
		{27B1AC27-4DD4-4B76-8C93-98F298DA27D9}.Release|x86.ActiveCfg = Release|Any CPU
		{27B1AC27-4DD4-4B76-8C93-98F298DA27D9}.Release|x86.Build.0 = Release|Any CPU
		{40D74D9E-CFD3-400D-965F-F0FC62C581CE}.Debug|Any CPU.ActiveCfg = Debug|Any CPU
		{40D74D9E-CFD3-400D-965F-F0FC62C581CE}.Debug|Any CPU.Build.0 = Debug|Any CPU
		{40D74D9E-CFD3-400D-965F-F0FC62C581CE}.Debug|x64.ActiveCfg = Debug|Any CPU
		{40D74D9E-CFD3-400D-965F-F0FC62C581CE}.Debug|x64.Build.0 = Debug|Any CPU
		{40D74D9E-CFD3-400D-965F-F0FC62C581CE}.Debug|x86.ActiveCfg = Debug|Any CPU
		{40D74D9E-CFD3-400D-965F-F0FC62C581CE}.Debug|x86.Build.0 = Debug|Any CPU
		{40D74D9E-CFD3-400D-965F-F0FC62C581CE}.Release|Any CPU.ActiveCfg = Release|Any CPU
		{40D74D9E-CFD3-400D-965F-F0FC62C581CE}.Release|Any CPU.Build.0 = Release|Any CPU
		{40D74D9E-CFD3-400D-965F-F0FC62C581CE}.Release|x64.ActiveCfg = Release|Any CPU
		{40D74D9E-CFD3-400D-965F-F0FC62C581CE}.Release|x64.Build.0 = Release|Any CPU
		{40D74D9E-CFD3-400D-965F-F0FC62C581CE}.Release|x86.ActiveCfg = Release|Any CPU
		{40D74D9E-CFD3-400D-965F-F0FC62C581CE}.Release|x86.Build.0 = Release|Any CPU
		{575DF443-8CFA-419A-BF92-BC593D6A6FB5}.Debug|Any CPU.ActiveCfg = Debug|Any CPU
		{575DF443-8CFA-419A-BF92-BC593D6A6FB5}.Debug|Any CPU.Build.0 = Debug|Any CPU
		{575DF443-8CFA-419A-BF92-BC593D6A6FB5}.Debug|x64.ActiveCfg = Debug|Any CPU
		{575DF443-8CFA-419A-BF92-BC593D6A6FB5}.Debug|x64.Build.0 = Debug|Any CPU
		{575DF443-8CFA-419A-BF92-BC593D6A6FB5}.Debug|x86.ActiveCfg = Debug|Any CPU
		{575DF443-8CFA-419A-BF92-BC593D6A6FB5}.Debug|x86.Build.0 = Debug|Any CPU
		{575DF443-8CFA-419A-BF92-BC593D6A6FB5}.Release|Any CPU.ActiveCfg = Release|Any CPU
		{575DF443-8CFA-419A-BF92-BC593D6A6FB5}.Release|Any CPU.Build.0 = Release|Any CPU
		{575DF443-8CFA-419A-BF92-BC593D6A6FB5}.Release|x64.ActiveCfg = Release|Any CPU
		{575DF443-8CFA-419A-BF92-BC593D6A6FB5}.Release|x64.Build.0 = Release|Any CPU
		{575DF443-8CFA-419A-BF92-BC593D6A6FB5}.Release|x86.ActiveCfg = Release|Any CPU
		{575DF443-8CFA-419A-BF92-BC593D6A6FB5}.Release|x86.Build.0 = Release|Any CPU
	EndGlobalSection
EndGlobal
